// !$*UTF8*$!
{
	archiveVersion = 1;
	classes = {
	};
	objectVersion = 46;
	objects = {

/* Begin PBXBuildFile section */
		641E35E21C22A44A00CC7055 /* main.m in Sources */ = {isa = PBXBuildFile; fileRef = 641E35E11C22A44A00CC7055 /* main.m */; };
		641E35E51C22A44A00CC7055 /* AppDelegate.m in Sources */ = {isa = PBXBuildFile; fileRef = 641E35E41C22A44A00CC7055 /* AppDelegate.m */; };
		641E35E81C22A44A00CC7055 /* ViewController.m in Sources */ = {isa = PBXBuildFile; fileRef = 641E35E71C22A44A00CC7055 /* ViewController.m */; };
		641E35EB1C22A44A00CC7055 /* Main.storyboard in Resources */ = {isa = PBXBuildFile; fileRef = 641E35E91C22A44A00CC7055 /* Main.storyboard */; };
		641E35EE1C22A44A00CC7055 /* SimpleTable.xcdatamodeld in Sources */ = {isa = PBXBuildFile; fileRef = 641E35EC1C22A44A00CC7055 /* SimpleTable.xcdatamodeld */; };
		641E35F01C22A44A00CC7055 /* Assets.xcassets in Resources */ = {isa = PBXBuildFile; fileRef = 641E35EF1C22A44A00CC7055 /* Assets.xcassets */; };
		641E35F31C22A44A00CC7055 /* LaunchScreen.storyboard in Resources */ = {isa = PBXBuildFile; fileRef = 641E35F11C22A44A00CC7055 /* LaunchScreen.storyboard */; };
		641E35FE1C22A44A00CC7055 /* SimpleTableTests.m in Sources */ = {isa = PBXBuildFile; fileRef = 641E35FD1C22A44A00CC7055 /* SimpleTableTests.m */; };
		641E36091C22A44A00CC7055 /* SimpleTableUITests.m in Sources */ = {isa = PBXBuildFile; fileRef = 641E36081C22A44A00CC7055 /* SimpleTableUITests.m */; };
		641E36171C22A6BB00CC7055 /* mouse.png in Resources */ = {isa = PBXBuildFile; fileRef = 641E36161C22A6BB00CC7055 /* mouse.png */; };
		641E36191C22A6C300CC7055 /* dog.png in Resources */ = {isa = PBXBuildFile; fileRef = 641E36181C22A6C300CC7055 /* dog.png */; };
		641E361B1C22A6C800CC7055 /* cat.png in Resources */ = {isa = PBXBuildFile; fileRef = 641E361A1C22A6C800CC7055 /* cat.png */; };
		641E361D1C22A6D100CC7055 /* ball.png in Resources */ = {isa = PBXBuildFile; fileRef = 641E361C1C22A6D100CC7055 /* ball.png */; };
/* End PBXBuildFile section */

/* Begin PBXContainerItemProxy section */
		641E35FA1C22A44A00CC7055 /* PBXContainerItemProxy */ = {
			isa = PBXContainerItemProxy;
			containerPortal = 641E35D51C22A44A00CC7055 /* Project object */;
			proxyType = 1;
			remoteGlobalIDString = 641E35DC1C22A44A00CC7055;
			remoteInfo = SimpleTable;
		};
		641E36051C22A44A00CC7055 /* PBXContainerItemProxy */ = {
			isa = PBXContainerItemProxy;
			containerPortal = 641E35D51C22A44A00CC7055 /* Project object */;
			proxyType = 1;
			remoteGlobalIDString = 641E35DC1C22A44A00CC7055;
			remoteInfo = SimpleTable;
		};
/* End PBXContainerItemProxy section */

/* Begin PBXFileReference section */
		641E35DD1C22A44A00CC7055 /* SimpleTable.app */ = {isa = PBXFileReference; explicitFileType = wrapper.application; includeInIndex = 0; path = SimpleTable.app; sourceTree = BUILT_PRODUCTS_DIR; };
		641E35E11C22A44A00CC7055 /* main.m */ = {isa = PBXFileReference; lastKnownFileType = sourcecode.c.objc; path = main.m; sourceTree = "<group>"; };
		641E35E31C22A44A00CC7055 /* AppDelegate.h */ = {isa = PBXFileReference; lastKnownFileType = sourcecode.c.h; path = AppDelegate.h; sourceTree = "<group>"; };
		641E35E41C22A44A00CC7055 /* AppDelegate.m */ = {isa = PBXFileReference; lastKnownFileType = sourcecode.c.objc; path = AppDelegate.m; sourceTree = "<group>"; };
		641E35E61C22A44A00CC7055 /* ViewController.h */ = {isa = PBXFileReference; lastKnownFileType = sourcecode.c.h; path = ViewController.h; sourceTree = "<group>"; };
		641E35E71C22A44A00CC7055 /* ViewController.m */ = {isa = PBXFileReference; lastKnownFileType = sourcecode.c.objc; path = ViewController.m; sourceTree = "<group>"; };
		641E35EA1C22A44A00CC7055 /* Base */ = {isa = PBXFileReference; lastKnownFileType = file.storyboard; name = Base; path = Base.lproj/Main.storyboard; sourceTree = "<group>"; };
		641E35ED1C22A44A00CC7055 /* SimpleTable.xcdatamodel */ = {isa = PBXFileReference; lastKnownFileType = wrapper.xcdatamodel; path = SimpleTable.xcdatamodel; sourceTree = "<group>"; };
		641E35EF1C22A44A00CC7055 /* Assets.xcassets */ = {isa = PBXFileReference; lastKnownFileType = folder.assetcatalog; path = Assets.xcassets; sourceTree = "<group>"; };
		641E35F21C22A44A00CC7055 /* Base */ = {isa = PBXFileReference; lastKnownFileType = file.storyboard; name = Base; path = Base.lproj/LaunchScreen.storyboard; sourceTree = "<group>"; };
		641E35F41C22A44A00CC7055 /* Info.plist */ = {isa = PBXFileReference; lastKnownFileType = text.plist.xml; path = Info.plist; sourceTree = "<group>"; };
		641E35F91C22A44A00CC7055 /* SimpleTableTests.xctest */ = {isa = PBXFileReference; explicitFileType = wrapper.cfbundle; includeInIndex = 0; path = SimpleTableTests.xctest; sourceTree = BUILT_PRODUCTS_DIR; };
		641E35FD1C22A44A00CC7055 /* SimpleTableTests.m */ = {isa = PBXFileReference; lastKnownFileType = sourcecode.c.objc; path = SimpleTableTests.m; sourceTree = "<group>"; };
		641E35FF1C22A44A00CC7055 /* Info.plist */ = {isa = PBXFileReference; lastKnownFileType = text.plist.xml; path = Info.plist; sourceTree = "<group>"; };
		641E36041C22A44A00CC7055 /* SimpleTableUITests.xctest */ = {isa = PBXFileReference; explicitFileType = wrapper.cfbundle; includeInIndex = 0; path = SimpleTableUITests.xctest; sourceTree = BUILT_PRODUCTS_DIR; };
		641E36081C22A44A00CC7055 /* SimpleTableUITests.m */ = {isa = PBXFileReference; lastKnownFileType = sourcecode.c.objc; path = SimpleTableUITests.m; sourceTree = "<group>"; };
		641E360A1C22A44A00CC7055 /* Info.plist */ = {isa = PBXFileReference; lastKnownFileType = text.plist.xml; path = Info.plist; sourceTree = "<group>"; };
		641E36161C22A6BB00CC7055 /* mouse.png */ = {isa = PBXFileReference; lastKnownFileType = image.png; path = mouse.png; sourceTree = "<group>"; };
		641E36181C22A6C300CC7055 /* dog.png */ = {isa = PBXFileReference; lastKnownFileType = image.png; path = dog.png; sourceTree = "<group>"; };
		641E361A1C22A6C800CC7055 /* cat.png */ = {isa = PBXFileReference; lastKnownFileType = image.png; path = cat.png; sourceTree = "<group>"; };
		641E361C1C22A6D100CC7055 /* ball.png */ = {isa = PBXFileReference; lastKnownFileType = image.png; path = ball.png; sourceTree = "<group>"; };
/* End PBXFileReference section */

/* Begin PBXFrameworksBuildPhase section */
		641E35DA1C22A44A00CC7055 /* Frameworks */ = {
			isa = PBXFrameworksBuildPhase;
			buildActionMask = 2147483647;
			files = (
			);
			runOnlyForDeploymentPostprocessing = 0;
		};
		641E35F61C22A44A00CC7055 /* Frameworks */ = {
			isa = PBXFrameworksBuildPhase;
			buildActionMask = 2147483647;
			files = (
			);
			runOnlyForDeploymentPostprocessing = 0;
		};
		641E36011C22A44A00CC7055 /* Frameworks */ = {
			isa = PBXFrameworksBuildPhase;
			buildActionMask = 2147483647;
			files = (
			);
			runOnlyForDeploymentPostprocessing = 0;
		};
/* End PBXFrameworksBuildPhase section */

/* Begin PBXGroup section */
		641E35D41C22A44A00CC7055 = {
			isa = PBXGroup;
			children = (
				641E35DF1C22A44A00CC7055 /* SimpleTable */,
				641E35FC1C22A44A00CC7055 /* SimpleTableTests */,
				641E36071C22A44A00CC7055 /* SimpleTableUITests */,
				641E35DE1C22A44A00CC7055 /* Products */,
			);
			sourceTree = "<group>";
		};
		641E35DE1C22A44A00CC7055 /* Products */ = {
			isa = PBXGroup;
			children = (
				641E35DD1C22A44A00CC7055 /* SimpleTable.app */,
				641E35F91C22A44A00CC7055 /* SimpleTableTests.xctest */,
				641E36041C22A44A00CC7055 /* SimpleTableUITests.xctest */,
			);
			name = Products;
			sourceTree = "<group>";
		};
		641E35DF1C22A44A00CC7055 /* SimpleTable */ = {
			isa = PBXGroup;
			children = (
				641E36161C22A6BB00CC7055 /* mouse.png */,
				641E36181C22A6C300CC7055 /* dog.png */,
				641E361A1C22A6C800CC7055 /* cat.png */,
				641E361C1C22A6D100CC7055 /* ball.png */,
				641E35E31C22A44A00CC7055 /* AppDelegate.h */,
				641E35E41C22A44A00CC7055 /* AppDelegate.m */,
				641E35E61C22A44A00CC7055 /* ViewController.h */,
				641E35E71C22A44A00CC7055 /* ViewController.m */,
				641E35E91C22A44A00CC7055 /* Main.storyboard */,
				641E35EF1C22A44A00CC7055 /* Assets.xcassets */,
				641E35F11C22A44A00CC7055 /* LaunchScreen.storyboard */,
				641E35F41C22A44A00CC7055 /* Info.plist */,
				641E35EC1C22A44A00CC7055 /* SimpleTable.xcdatamodeld */,
				641E35E01C22A44A00CC7055 /* Supporting Files */,
			);
			path = SimpleTable;
			sourceTree = "<group>";
		};
		641E35E01C22A44A00CC7055 /* Supporting Files */ = {
			isa = PBXGroup;
			children = (
				641E35E11C22A44A00CC7055 /* main.m */,
			);
			name = "Supporting Files";
			sourceTree = "<group>";
		};
		641E35FC1C22A44A00CC7055 /* SimpleTableTests */ = {
			isa = PBXGroup;
			children = (
				641E35FD1C22A44A00CC7055 /* SimpleTableTests.m */,
				641E35FF1C22A44A00CC7055 /* Info.plist */,
			);
			path = SimpleTableTests;
			sourceTree = "<group>";
		};
		641E36071C22A44A00CC7055 /* SimpleTableUITests */ = {
			isa = PBXGroup;
			children = (
				641E36081C22A44A00CC7055 /* SimpleTableUITests.m */,
				641E360A1C22A44A00CC7055 /* Info.plist */,
			);
			path = SimpleTableUITests;
			sourceTree = "<group>";
		};
/* End PBXGroup section */

/* Begin PBXNativeTarget section */
		641E35DC1C22A44A00CC7055 /* SimpleTable */ = {
			isa = PBXNativeTarget;
			buildConfigurationList = 641E360D1C22A44A00CC7055 /* Build configuration list for PBXNativeTarget "SimpleTable" */;
			buildPhases = (
				641E35D91C22A44A00CC7055 /* Sources */,
				641E35DA1C22A44A00CC7055 /* Frameworks */,
				641E35DB1C22A44A00CC7055 /* Resources */,
			);
			buildRules = (
			);
			dependencies = (
			);
			name = SimpleTable;
			productName = SimpleTable;
			productReference = 641E35DD1C22A44A00CC7055 /* SimpleTable.app */;
			productType = "com.apple.product-type.application";
		};
		641E35F81C22A44A00CC7055 /* SimpleTableTests */ = {
			isa = PBXNativeTarget;
			buildConfigurationList = 641E36101C22A44A00CC7055 /* Build configuration list for PBXNativeTarget "SimpleTableTests" */;
			buildPhases = (
				641E35F51C22A44A00CC7055 /* Sources */,
				641E35F61C22A44A00CC7055 /* Frameworks */,
				641E35F71C22A44A00CC7055 /* Resources */,
			);
			buildRules = (
			);
			dependencies = (
				641E35FB1C22A44A00CC7055 /* PBXTargetDependency */,
			);
			name = SimpleTableTests;
			productName = SimpleTableTests;
			productReference = 641E35F91C22A44A00CC7055 /* SimpleTableTests.xctest */;
			productType = "com.apple.product-type.bundle.unit-test";
		};
		641E36031C22A44A00CC7055 /* SimpleTableUITests */ = {
			isa = PBXNativeTarget;
			buildConfigurationList = 641E36131C22A44A00CC7055 /* Build configuration list for PBXNativeTarget "SimpleTableUITests" */;
			buildPhases = (
				641E36001C22A44A00CC7055 /* Sources */,
				641E36011C22A44A00CC7055 /* Frameworks */,
				641E36021C22A44A00CC7055 /* Resources */,
			);
			buildRules = (
			);
			dependencies = (
				641E36061C22A44A00CC7055 /* PBXTargetDependency */,
			);
			name = SimpleTableUITests;
			productName = SimpleTableUITests;
			productReference = 641E36041C22A44A00CC7055 /* SimpleTableUITests.xctest */;
			productType = "com.apple.product-type.bundle.ui-testing";
		};
/* End PBXNativeTarget section */

/* Begin PBXProject section */
		641E35D51C22A44A00CC7055 /* Project object */ = {
			isa = PBXProject;
			attributes = {
				LastUpgradeCheck = 0710;
				ORGANIZATIONNAME = Appcoda;
				TargetAttributes = {
					641E35DC1C22A44A00CC7055 = {
						CreatedOnToolsVersion = 7.1.1;
					};
					641E35F81C22A44A00CC7055 = {
						CreatedOnToolsVersion = 7.1.1;
						TestTargetID = 641E35DC1C22A44A00CC7055;
					};
					641E36031C22A44A00CC7055 = {
						CreatedOnToolsVersion = 7.1.1;
						TestTargetID = 641E35DC1C22A44A00CC7055;
					};
				};
			};
			buildConfigurationList = 641E35D81C22A44A00CC7055 /* Build configuration list for PBXProject "SimpleTable" */;
			compatibilityVersion = "Xcode 3.2";
			developmentRegion = English;
			hasScannedForEncodings = 0;
			knownRegions = (
				en,
				Base,
			);
			mainGroup = 641E35D41C22A44A00CC7055;
			productRefGroup = 641E35DE1C22A44A00CC7055 /* Products */;
			projectDirPath = "";
			projectRoot = "";
			targets = (
				641E35DC1C22A44A00CC7055 /* SimpleTable */,
				641E35F81C22A44A00CC7055 /* SimpleTableTests */,
				641E36031C22A44A00CC7055 /* SimpleTableUITests */,
			);
		};
/* End PBXProject section */

/* Begin PBXResourcesBuildPhase section */
		641E35DB1C22A44A00CC7055 /* Resources */ = {
			isa = PBXResourcesBuildPhase;
			buildActionMask = 2147483647;
			files = (
				641E361B1C22A6C800CC7055 /* cat.png in Resources */,
				641E35F31C22A44A00CC7055 /* LaunchScreen.storyboard in Resources */,
				641E36191C22A6C300CC7055 /* dog.png in Resources */,
				641E36171C22A6BB00CC7055 /* mouse.png in Resources */,
				641E35F01C22A44A00CC7055 /* Assets.xcassets in Resources */,
				641E35EB1C22A44A00CC7055 /* Main.storyboard in Resources */,
				641E361D1C22A6D100CC7055 /* ball.png in Resources */,
			);
			runOnlyForDeploymentPostprocessing = 0;
		};
		641E35F71C22A44A00CC7055 /* Resources */ = {
			isa = PBXResourcesBuildPhase;
			buildActionMask = 2147483647;
			files = (
			);
			runOnlyForDeploymentPostprocessing = 0;
		};
		641E36021C22A44A00CC7055 /* Resources */ = {
			isa = PBXResourcesBuildPhase;
			buildActionMask = 2147483647;
			files = (
			);
			runOnlyForDeploymentPostprocessing = 0;
		};
/* End PBXResourcesBuildPhase section */

/* Begin PBXSourcesBuildPhase section */
		641E35D91C22A44A00CC7055 /* Sources */ = {
			isa = PBXSourcesBuildPhase;
			buildActionMask = 2147483647;
			files = (
				641E35E81C22A44A00CC7055 /* ViewController.m in Sources */,
				641E35E51C22A44A00CC7055 /* AppDelegate.m in Sources */,
				641E35EE1C22A44A00CC7055 /* SimpleTable.xcdatamodeld in Sources */,
				641E35E21C22A44A00CC7055 /* main.m in Sources */,
			);
			runOnlyForDeploymentPostprocessing = 0;
		};
		641E35F51C22A44A00CC7055 /* Sources */ = {
			isa = PBXSourcesBuildPhase;
			buildActionMask = 2147483647;
			files = (
				641E35FE1C22A44A00CC7055 /* SimpleTableTests.m in Sources */,
			);
			runOnlyForDeploymentPostprocessing = 0;
		};
		641E36001C22A44A00CC7055 /* Sources */ = {
			isa = PBXSourcesBuildPhase;
			buildActionMask = 2147483647;
			files = (
				641E36091C22A44A00CC7055 /* SimpleTableUITests.m in Sources */,
			);
			runOnlyForDeploymentPostprocessing = 0;
		};
/* End PBXSourcesBuildPhase section */

/* Begin PBXTargetDependency section */
		641E35FB1C22A44A00CC7055 /* PBXTargetDependency */ = {
			isa = PBXTargetDependency;
			target = 641E35DC1C22A44A00CC7055 /* SimpleTable */;
			targetProxy = 641E35FA1C22A44A00CC7055 /* PBXContainerItemProxy */;
		};
		641E36061C22A44A00CC7055 /* PBXTargetDependency */ = {
			isa = PBXTargetDependency;
			target = 641E35DC1C22A44A00CC7055 /* SimpleTable */;
			targetProxy = 641E36051C22A44A00CC7055 /* PBXContainerItemProxy */;
		};
/* End PBXTargetDependency section */

/* Begin PBXVariantGroup section */
		641E35E91C22A44A00CC7055 /* Main.storyboard */ = {
			isa = PBXVariantGroup;
			children = (
				641E35EA1C22A44A00CC7055 /* Base */,
			);
			name = Main.storyboard;
			sourceTree = "<group>";
		};
		641E35F11C22A44A00CC7055 /* LaunchScreen.storyboard */ = {
			isa = PBXVariantGroup;
			children = (
				641E35F21C22A44A00CC7055 /* Base */,
			);
			name = LaunchScreen.storyboard;
			sourceTree = "<group>";
		};
/* End PBXVariantGroup section */

/* Begin XCBuildConfiguration section */
		641E360B1C22A44A00CC7055 /* Debug */ = {
			isa = XCBuildConfiguration;
			buildSettings = {
				ALWAYS_SEARCH_USER_PATHS = NO;
				CLANG_CXX_LANGUAGE_STANDARD = "gnu++0x";
				CLANG_CXX_LIBRARY = "libc++";
				CLANG_ENABLE_MODULES = YES;
				CLANG_ENABLE_OBJC_ARC = YES;
				CLANG_WARN_BOOL_CONVERSION = YES;
				CLANG_WARN_CONSTANT_CONVERSION = YES;
				CLANG_WARN_DIRECT_OBJC_ISA_USAGE = YES_ERROR;
				CLANG_WARN_EMPTY_BODY = YES;
				CLANG_WARN_ENUM_CONVERSION = YES;
				CLANG_WARN_INT_CONVERSION = YES;
				CLANG_WARN_OBJC_ROOT_CLASS = YES_ERROR;
				CLANG_WARN_UNREACHABLE_CODE = YES;
				CLANG_WARN__DUPLICATE_METHOD_MATCH = YES;
				"CODE_SIGN_IDENTITY[sdk=iphoneos*]" = "iPhone Developer";
				COPY_PHASE_STRIP = NO;
				DEBUG_INFORMATION_FORMAT = dwarf;
				ENABLE_STRICT_OBJC_MSGSEND = YES;
				ENABLE_TESTABILITY = YES;
				GCC_C_LANGUAGE_STANDARD = gnu99;
				GCC_DYNAMIC_NO_PIC = NO;
				GCC_NO_COMMON_BLOCKS = YES;
				GCC_OPTIMIZATION_LEVEL = 0;
				GCC_PREPROCESSOR_DEFINITIONS = (
					"DEBUG=1",
					"$(inherited)",
				);
				GCC_WARN_64_TO_32_BIT_CONVERSION = YES;
				GCC_WARN_ABOUT_RETURN_TYPE = YES_ERROR;
				GCC_WARN_UNDECLARED_SELECTOR = YES;
				GCC_WARN_UNINITIALIZED_AUTOS = YES_AGGRESSIVE;
				GCC_WARN_UNUSED_FUNCTION = YES;
				GCC_WARN_UNUSED_VARIABLE = YES;
				IPHONEOS_DEPLOYMENT_TARGET = 9.1;
				MTL_ENABLE_DEBUG_INFO = YES;
				ONLY_ACTIVE_ARCH = YES;
				SDKROOT = iphoneos;
				TARGETED_DEVICE_FAMILY = "1,2";
			};
			name = Debug;
		};
		641E360C1C22A44A00CC7055 /* Release */ = {
			isa = XCBuildConfiguration;
			buildSettings = {
				ALWAYS_SEARCH_USER_PATHS = NO;
				CLANG_CXX_LANGUAGE_STANDARD = "gnu++0x";
				CLANG_CXX_LIBRARY = "libc++";
				CLANG_ENABLE_MODULES = YES;
				CLANG_ENABLE_OBJC_ARC = YES;
				CLANG_WARN_BOOL_CONVERSION = YES;
				CLANG_WARN_CONSTANT_CONVERSION = YES;
				CLANG_WARN_DIRECT_OBJC_ISA_USAGE = YES_ERROR;
				CLANG_WARN_EMPTY_BODY = YES;
				CLANG_WARN_ENUM_CONVERSION = YES;
				CLANG_WARN_INT_CONVERSION = YES;
				CLANG_WARN_OBJC_ROOT_CLASS = YES_ERROR;
				CLANG_WARN_UNREACHABLE_CODE = YES;
				CLANG_WARN__DUPLICATE_METHOD_MATCH = YES;
				"CODE_SIGN_IDENTITY[sdk=iphoneos*]" = "iPhone Developer";
				COPY_PHASE_STRIP = NO;
				DEBUG_INFORMATION_FORMAT = "dwarf-with-dsym";
				ENABLE_NS_ASSERTIONS = NO;
				ENABLE_STRICT_OBJC_MSGSEND = YES;
				GCC_C_LANGUAGE_STANDARD = gnu99;
				GCC_NO_COMMON_BLOCKS = YES;
				GCC_WARN_64_TO_32_BIT_CONVERSION = YES;
				GCC_WARN_ABOUT_RETURN_TYPE = YES_ERROR;
				GCC_WARN_UNDECLARED_SELECTOR = YES;
				GCC_WARN_UNINITIALIZED_AUTOS = YES_AGGRESSIVE;
				GCC_WARN_UNUSED_FUNCTION = YES;
				GCC_WARN_UNUSED_VARIABLE = YES;
				IPHONEOS_DEPLOYMENT_TARGET = 9.1;
				MTL_ENABLE_DEBUG_INFO = NO;
				SDKROOT = iphoneos;
				TARGETED_DEVICE_FAMILY = "1,2";
				VALIDATE_PRODUCT = YES;
			};
			name = Release;
		};
		641E360E1C22A44A00CC7055 /* Debug */ = {
			isa = XCBuildConfiguration;
			buildSettings = {
				ASSETCATALOG_COMPILER_APPICON_NAME = AppIcon;
				INFOPLIST_FILE = SimpleTable/Info.plist;
				LD_RUNPATH_SEARCH_PATHS = "$(inherited) @executable_path/Frameworks";
				PRODUCT_BUNDLE_IDENTIFIER = com.appcoda.SimpleTable;
				PRODUCT_NAME = "$(TARGET_NAME)";
			};
			name = Debug;
		};
		641E360F1C22A44A00CC7055 /* Release */ = {
			isa = XCBuildConfiguration;
			buildSettings = {
				ASSETCATALOG_COMPILER_APPICON_NAME = AppIcon;
				INFOPLIST_FILE = SimpleTable/Info.plist;
				LD_RUNPATH_SEARCH_PATHS = "$(inherited) @executable_path/Frameworks";
				PRODUCT_BUNDLE_IDENTIFIER = com.appcoda.SimpleTable;
				PRODUCT_NAME = "$(TARGET_NAME)";
			};
			name = Release;
		};
		641E36111C22A44A00CC7055 /* Debug */ = {
			isa = XCBuildConfiguration;
			buildSettings = {
				BUNDLE_LOADER = "$(TEST_HOST)";
				INFOPLIST_FILE = SimpleTableTests/Info.plist;
				LD_RUNPATH_SEARCH_PATHS = "$(inherited) @executable_path/Frameworks @loader_path/Frameworks";
				PRODUCT_BUNDLE_IDENTIFIER = com.appcoda.SimpleTableTests;
				PRODUCT_NAME = "$(TARGET_NAME)";
				TEST_HOST = "$(BUILT_PRODUCTS_DIR)/SimpleTable.app/SimpleTable";
			};
			name = Debug;
		};
		641E36121C22A44A00CC7055 /* Release */ = {
			isa = XCBuildConfiguration;
			buildSettings = {
				BUNDLE_LOADER = "$(TEST_HOST)";
				INFOPLIST_FILE = SimpleTableTests/Info.plist;
				LD_RUNPATH_SEARCH_PATHS = "$(inherited) @executable_path/Frameworks @loader_path/Frameworks";
				PRODUCT_BUNDLE_IDENTIFIER = com.appcoda.SimpleTableTests;
				PRODUCT_NAME = "$(TARGET_NAME)";
				TEST_HOST = "$(BUILT_PRODUCTS_DIR)/SimpleTable.app/SimpleTable";
			};
			name = Release;
		};
		641E36141C22A44A00CC7055 /* Debug */ = {
			isa = XCBuildConfiguration;
			buildSettings = {
				INFOPLIST_FILE = SimpleTableUITests/Info.plist;
				LD_RUNPATH_SEARCH_PATHS = "$(inherited) @executable_path/Frameworks @loader_path/Frameworks";
				PRODUCT_BUNDLE_IDENTIFIER = com.appcoda.SimpleTableUITests;
				PRODUCT_NAME = "$(TARGET_NAME)";
				TEST_TARGET_NAME = SimpleTable;
				USES_XCTRUNNER = YES;
			};
			name = Debug;
		};
		641E36151C22A44A00CC7055 /* Release */ = {
			isa = XCBuildConfiguration;
			buildSettings = {
				INFOPLIST_FILE = SimpleTableUITests/Info.plist;
				LD_RUNPATH_SEARCH_PATHS = "$(inherited) @executable_path/Frameworks @loader_path/Frameworks";
				PRODUCT_BUNDLE_IDENTIFIER = com.appcoda.SimpleTableUITests;
				PRODUCT_NAME = "$(TARGET_NAME)";
				TEST_TARGET_NAME = SimpleTable;
				USES_XCTRUNNER = YES;
			};
			name = Release;
		};
/* End XCBuildConfiguration section */

/* Begin XCConfigurationList section */
		641E35D81C22A44A00CC7055 /* Build configuration list for PBXProject "SimpleTable" */ = {
			isa = XCConfigurationList;
			buildConfigurations = (
				641E360B1C22A44A00CC7055 /* Debug */,
				641E360C1C22A44A00CC7055 /* Release */,
			);
			defaultConfigurationIsVisible = 0;
			defaultConfigurationName = Release;
		};
		641E360D1C22A44A00CC7055 /* Build configuration list for PBXNativeTarget "SimpleTable" */ = {
			isa = XCConfigurationList;
			buildConfigurations = (
				641E360E1C22A44A00CC7055 /* Debug */,
				641E360F1C22A44A00CC7055 /* Release */,
			);
			defaultConfigurationIsVisible = 0;
		};
		641E36101C22A44A00CC7055 /* Build configuration list for PBXNativeTarget "SimpleTableTests" */ = {
			isa = XCConfigurationList;
			buildConfigurations = (
				641E36111C22A44A00CC7055 /* Debug */,
				641E36121C22A44A00CC7055 /* Release */,
			);
			defaultConfigurationIsVisible = 0;
		};
		641E36131C22A44A00CC7055 /* Build configuration list for PBXNativeTarget "SimpleTableUITests" */ = {
			isa = XCConfigurationList;
			buildConfigurations = (
				641E36141C22A44A00CC7055 /* Debug */,
				641E36151C22A44A00CC7055 /* Release */,
			);
			defaultConfigurationIsVisible = 0;
		};
/* End XCConfigurationList section */

/* Begin XCVersionGroup section */
		641E35EC1C22A44A00CC7055 /* SimpleTable.xcdatamodeld */ = {
			isa = XCVersionGroup;
			children = (
				641E35ED1C22A44A00CC7055 /* SimpleTable.xcdatamodel */,
			);
			currentVersion = 641E35ED1C22A44A00CC7055 /* SimpleTable.xcdatamodel */;
			path = SimpleTable.xcdatamodeld;
			sourceTree = "<group>";
			versionGroupType = wrapper.xcdatamodel;
		};
/* End XCVersionGroup section */
	};
	rootObject = 641E35D51C22A44A00CC7055 /* Project object */;
}
